Microsoft Visual Studio Solution File, Format Version 12.00
# Visual Studio Version 17
VisualStudioVersion = 17.5.2.0
MinimumVisualStudioVersion = 10.0.40219.1
Project("{FAE04EC0-301F-11D3-BF4B-00C04F79EFBC}") = "CoffeeManagement", "CoffeeManagement.csproj", "{350A45D4-243F-EA24-9386-F4A9213B6D65}"
EndProject
Global
	GlobalSection(SolutionConfigurationPlatforms) = preSolution
		Debug|Any CPU = Debug|Any CPU
		Release|Any CPU = Release|Any CPU
	EndGlobalSection
	GlobalSection(ProjectConfigurationPlatforms) = postSolution
		{350A45D4-243F-EA24-9386-F4A9213B6D65}.Debug|Any CPU.ActiveCfg = Debug|Any CPU
		{350A45D4-243F-EA24-9386-F4A9213B6D65}.Debug|Any CPU.Build.0 = Debug|Any CPU
		{350A45D4-243F-EA24-9386-F4A9213B6D65}.Release|Any CPU.ActiveCfg = Release|Any CPU
		{350A45D4-243F-EA24-9386-F4A9213B6D65}.Release|Any CPU.Build.0 = Release|Any CPU
	EndGlobalSection
	GlobalSection(SolutionProperties) = preSolution
		HideSolutionNode = FALSE
	EndGlobalSection
	GlobalSection(ExtensibilityGlobals) = postSolution
		SolutionGuid = {D4DBF00F-2291-4AC7-89C3-A7DD9D717C68}
	EndGlobalSection
EndGlobal
